
Microsoft Visual Studio Solution File, Format Version 12.00
# Visual Studio Version 16
VisualStudioVersion = 16.0.30517.126
MinimumVisualStudioVersion = 10.0.40219.1
Project("{9A19103F-16F7-4668-BE54-9A1E7A4F7556}") = "WebTestRikoAdeRinanda", "WebTestRikoAdeRinanda\WebTestRikoAdeRinanda.csproj", "{70A0754F-719B-41E8-A00A-237FDCF5A239}"
EndProject
Project("{00D1A9C2-B5F0-4AF3-8072-F6C62B433612}") = "Database", "Database\Database.sqlproj", "{B34C337B-3189-4380-83F6-31A0A29D5FA3}"
EndProject
Project("{2150E333-8FDC-42A3-9474-1A3956D46DE8}") = "DB Backup", "DB Backup", "{6BD4C5A5-8F4C-4937-BBDA-6C95F5CA08B9}"
	ProjectSection(SolutionItems) = preProject
		G:\DB = G:\DB
	EndProjectSection
EndProject
Global
	GlobalSection(SolutionConfigurationPlatforms) = preSolution
		Debug|Any CPU = Debug|Any CPU
		Release|Any CPU = Release|Any CPU
	EndGlobalSection
	GlobalSection(ProjectConfigurationPlatforms) = postSolution
		{70A0754F-719B-41E8-A00A-237FDCF5A239}.Debug|Any CPU.ActiveCfg = Debug|Any CPU
		{70A0754F-719B-41E8-A00A-237FDCF5A239}.Debug|Any CPU.Build.0 = Debug|Any CPU
		{70A0754F-719B-41E8-A00A-237FDCF5A239}.Release|Any CPU.ActiveCfg = Release|Any CPU
		{70A0754F-719B-41E8-A00A-237FDCF5A239}.Release|Any CPU.Build.0 = Release|Any CPU
		{B34C337B-3189-4380-83F6-31A0A29D5FA3}.Debug|Any CPU.ActiveCfg = Debug|Any CPU
		{B34C337B-3189-4380-83F6-31A0A29D5FA3}.Debug|Any CPU.Build.0 = Debug|Any CPU
		{B34C337B-3189-4380-83F6-31A0A29D5FA3}.Debug|Any CPU.Deploy.0 = Debug|Any CPU
		{B34C337B-3189-4380-83F6-31A0A29D5FA3}.Release|Any CPU.ActiveCfg = Release|Any CPU
		{B34C337B-3189-4380-83F6-31A0A29D5FA3}.Release|Any CPU.Build.0 = Release|Any CPU
		{B34C337B-3189-4380-83F6-31A0A29D5FA3}.Release|Any CPU.Deploy.0 = Release|Any CPU
	EndGlobalSection
	GlobalSection(SolutionProperties) = preSolution
		HideSolutionNode = FALSE
	EndGlobalSection
	GlobalSection(ExtensibilityGlobals) = postSolution
		SolutionGuid = {BB2BFD1D-9A17-4FAC-BFF4-2A621A5CB3B6}
	EndGlobalSection
EndGlobal
